
Microsoft Visual Studio Solution File, Format Version 11.00
# Visual Studio 2010
Project("{8BC9CEB8-8B4A-11D0-8D11-00A0C91BC942}") = "Roulette Bot", "source\Roulette Bot.vcxproj", "{D5AB7DD1-ADA2-4D77-A9D0-F3F993FBF1A4}"
EndProject
Project("{8BC9CEB8-8B4A-11D0-8D11-00A0C91BC942}") = "unibet", "casinos\unibet\unibet.vcxproj", "{69DBB4D9-4563-4B25-A250-3492E56124FF}"
EndProject
Project("{2150E333-8FDC-42A3-9474-1A3956D46DE8}") = "casinos", "casinos", "{1466E0EB-BEA5-4481-8D78-340216FBE24C}"
EndProject
Project("{2150E333-8FDC-42A3-9474-1A3956D46DE8}") = "3rdparty", "3rdparty", "{68F7C511-B9A0-4444-9847-E89B6A92F227}"
EndProject
Project("{2150E333-8FDC-42A3-9474-1A3956D46DE8}") = "tesseract", "tesseract", "{28EEE205-D69D-481F-87EF-3EECF77D030F}"
EndProject
Project("{8BC9CEB8-8B4A-11D0-8D11-00A0C91BC942}") = "ccmain", "3rdparty\tesseract\vs2010\ccmain.vcxproj", "{EFE93017-B435-46EA-9199-1C83A869595A}"
EndProject
Project("{8BC9CEB8-8B4A-11D0-8D11-00A0C91BC942}") = "ccstruct", "3rdparty\tesseract\vs2010\ccstruct.vcxproj", "{B0596A04-42BF-4E8E-AEE7-AE9C236592A9}"
EndProject
Project("{8BC9CEB8-8B4A-11D0-8D11-00A0C91BC942}") = "ccutil", "3rdparty\tesseract\vs2010\ccutil.vcxproj", "{DF2FA86F-A663-4805-AED7-2F81D9EAC796}"
EndProject
Project("{8BC9CEB8-8B4A-11D0-8D11-00A0C91BC942}") = "classify", "3rdparty\tesseract\vs2010\classify.vcxproj", "{C7C7FBB5-7082-428C-8F81-8FBA7A37AC85}"
EndProject
Project("{8BC9CEB8-8B4A-11D0-8D11-00A0C91BC942}") = "cube", "3rdparty\tesseract\vs2010\cube.vcxproj", "{CC778B5F-7B9B-4466-9E9A-B8222C6FF16F}"
EndProject
Project("{8BC9CEB8-8B4A-11D0-8D11-00A0C91BC942}") = "cutil", "3rdparty\tesseract\vs2010\cutil.vcxproj", "{0BDEFC56-679F-436E-A089-81FCAEBA50F3}"
EndProject
Project("{8BC9CEB8-8B4A-11D0-8D11-00A0C91BC942}") = "dict", "3rdparty\tesseract\vs2010\dict.vcxproj", "{D67B17CC-4AE5-4356-91F6-00E265942A56}"
EndProject
Project("{8BC9CEB8-8B4A-11D0-8D11-00A0C91BC942}") = "image", "3rdparty\tesseract\vs2010\image.vcxproj", "{2C106C68-62EE-43D2-B372-3BDFF6125AD1}"
EndProject
Project("{8BC9CEB8-8B4A-11D0-8D11-00A0C91BC942}") = "neural_networks", "3rdparty\tesseract\vs2010\neural_networks.vcxproj", "{2EDB497A-E9CF-40E6-A8F2-B001D895A8AE}"
EndProject
Project("{8BC9CEB8-8B4A-11D0-8D11-00A0C91BC942}") = "textord", "3rdparty\tesseract\vs2010\textord.vcxproj", "{D5C6C872-4561-452D-BCFA-EF9441F95309}"
EndProject
Project("{8BC9CEB8-8B4A-11D0-8D11-00A0C91BC942}") = "viewer", "3rdparty\tesseract\vs2010\viewer.vcxproj", "{CE11FF6E-60D3-4E61-AFE2-F8F501100238}"
EndProject
Project("{8BC9CEB8-8B4A-11D0-8D11-00A0C91BC942}") = "wordrec", "3rdparty\tesseract\vs2010\wordrec.vcxproj", "{C2342D39-FD84-4448-A050-7FF3B4A33F3D}"
EndProject
Project("{8BC9CEB8-8B4A-11D0-8D11-00A0C91BC942}") = "libtesseract", "3rdparty\tesseract\vs2010\libtesseract.vcxproj", "{37E51687-D37B-4E91-8710-2E860D899C87}"
EndProject
Global
	GlobalSection(SolutionConfigurationPlatforms) = preSolution
		Debug.dll|Win32 = Debug.dll|Win32
		Debug|Win32 = Debug|Win32
		Release.dll|Win32 = Release.dll|Win32
		Release|Win32 = Release|Win32
	EndGlobalSection
	GlobalSection(ProjectConfigurationPlatforms) = postSolution
		{D5AB7DD1-ADA2-4D77-A9D0-F3F993FBF1A4}.Debug.dll|Win32.ActiveCfg = Debug|Win32
		{D5AB7DD1-ADA2-4D77-A9D0-F3F993FBF1A4}.Debug.dll|Win32.Build.0 = Debug|Win32
		{D5AB7DD1-ADA2-4D77-A9D0-F3F993FBF1A4}.Debug|Win32.ActiveCfg = Debug|Win32
		{D5AB7DD1-ADA2-4D77-A9D0-F3F993FBF1A4}.Debug|Win32.Build.0 = Debug|Win32
		{D5AB7DD1-ADA2-4D77-A9D0-F3F993FBF1A4}.Release.dll|Win32.ActiveCfg = Release|Win32
		{D5AB7DD1-ADA2-4D77-A9D0-F3F993FBF1A4}.Release.dll|Win32.Build.0 = Release|Win32
		{D5AB7DD1-ADA2-4D77-A9D0-F3F993FBF1A4}.Release|Win32.ActiveCfg = Release|Win32
		{D5AB7DD1-ADA2-4D77-A9D0-F3F993FBF1A4}.Release|Win32.Build.0 = Release|Win32
		{69DBB4D9-4563-4B25-A250-3492E56124FF}.Debug.dll|Win32.ActiveCfg = Debug|Win32
		{69DBB4D9-4563-4B25-A250-3492E56124FF}.Debug.dll|Win32.Build.0 = Debug|Win32
		{69DBB4D9-4563-4B25-A250-3492E56124FF}.Debug|Win32.ActiveCfg = Debug|Win32
		{69DBB4D9-4563-4B25-A250-3492E56124FF}.Debug|Win32.Build.0 = Debug|Win32
		{69DBB4D9-4563-4B25-A250-3492E56124FF}.Release.dll|Win32.ActiveCfg = Release|Win32
		{69DBB4D9-4563-4B25-A250-3492E56124FF}.Release.dll|Win32.Build.0 = Release|Win32
		{69DBB4D9-4563-4B25-A250-3492E56124FF}.Release|Win32.ActiveCfg = Release|Win32
		{69DBB4D9-4563-4B25-A250-3492E56124FF}.Release|Win32.Build.0 = Release|Win32
		{EFE93017-B435-46EA-9199-1C83A869595A}.Debug.dll|Win32.ActiveCfg = Debug.dll|Win32
		{EFE93017-B435-46EA-9199-1C83A869595A}.Debug.dll|Win32.Build.0 = Debug.dll|Win32
		{EFE93017-B435-46EA-9199-1C83A869595A}.Debug|Win32.ActiveCfg = Debug.dll|Win32
		{EFE93017-B435-46EA-9199-1C83A869595A}.Debug|Win32.Build.0 = Debug.dll|Win32
		{EFE93017-B435-46EA-9199-1C83A869595A}.Release.dll|Win32.ActiveCfg = Release.dll|Win32
		{EFE93017-B435-46EA-9199-1C83A869595A}.Release.dll|Win32.Build.0 = Release.dll|Win32
		{EFE93017-B435-46EA-9199-1C83A869595A}.Release|Win32.ActiveCfg = Release.dll|Win32
		{EFE93017-B435-46EA-9199-1C83A869595A}.Release|Win32.Build.0 = Release.dll|Win32
		{B0596A04-42BF-4E8E-AEE7-AE9C236592A9}.Debug.dll|Win32.ActiveCfg = Debug.dll|Win32
		{B0596A04-42BF-4E8E-AEE7-AE9C236592A9}.Debug.dll|Win32.Build.0 = Debug.dll|Win32
		{B0596A04-42BF-4E8E-AEE7-AE9C236592A9}.Debug|Win32.ActiveCfg = Debug.dll|Win32
		{B0596A04-42BF-4E8E-AEE7-AE9C236592A9}.Debug|Win32.Build.0 = Debug.dll|Win32
		{B0596A04-42BF-4E8E-AEE7-AE9C236592A9}.Release.dll|Win32.ActiveCfg = Release.dll|Win32
		{B0596A04-42BF-4E8E-AEE7-AE9C236592A9}.Release.dll|Win32.Build.0 = Release.dll|Win32
		{B0596A04-42BF-4E8E-AEE7-AE9C236592A9}.Release|Win32.ActiveCfg = Release.dll|Win32
		{B0596A04-42BF-4E8E-AEE7-AE9C236592A9}.Release|Win32.Build.0 = Release.dll|Win32
		{DF2FA86F-A663-4805-AED7-2F81D9EAC796}.Debug.dll|Win32.ActiveCfg = Debug.dll|Win32
		{DF2FA86F-A663-4805-AED7-2F81D9EAC796}.Debug.dll|Win32.Build.0 = Debug.dll|Win32
		{DF2FA86F-A663-4805-AED7-2F81D9EAC796}.Debug|Win32.ActiveCfg = Debug.dll|Win32
		{DF2FA86F-A663-4805-AED7-2F81D9EAC796}.Debug|Win32.Build.0 = Debug.dll|Win32
		{DF2FA86F-A663-4805-AED7-2F81D9EAC796}.Release.dll|Win32.ActiveCfg = Release.dll|Win32
		{DF2FA86F-A663-4805-AED7-2F81D9EAC796}.Release.dll|Win32.Build.0 = Release.dll|Win32
		{DF2FA86F-A663-4805-AED7-2F81D9EAC796}.Release|Win32.ActiveCfg = Release.dll|Win32
		{DF2FA86F-A663-4805-AED7-2F81D9EAC796}.Release|Win32.Build.0 = Release.dll|Win32
		{C7C7FBB5-7082-428C-8F81-8FBA7A37AC85}.Debug.dll|Win32.ActiveCfg = Debug.dll|Win32
		{C7C7FBB5-7082-428C-8F81-8FBA7A37AC85}.Debug.dll|Win32.Build.0 = Debug.dll|Win32
		{C7C7FBB5-7082-428C-8F81-8FBA7A37AC85}.Debug|Win32.ActiveCfg = Debug.dll|Win32
		{C7C7FBB5-7082-428C-8F81-8FBA7A37AC85}.Debug|Win32.Build.0 = Debug.dll|Win32
		{C7C7FBB5-7082-428C-8F81-8FBA7A37AC85}.Release.dll|Win32.ActiveCfg = Release.dll|Win32
		{C7C7FBB5-7082-428C-8F81-8FBA7A37AC85}.Release.dll|Win32.Build.0 = Release.dll|Win32
		{C7C7FBB5-7082-428C-8F81-8FBA7A37AC85}.Release|Win32.ActiveCfg = Release.dll|Win32
		{C7C7FBB5-7082-428C-8F81-8FBA7A37AC85}.Release|Win32.Build.0 = Release.dll|Win32
		{CC778B5F-7B9B-4466-9E9A-B8222C6FF16F}.Debug.dll|Win32.ActiveCfg = Debug.dll|Win32
		{CC778B5F-7B9B-4466-9E9A-B8222C6FF16F}.Debug.dll|Win32.Build.0 = Debug.dll|Win32
		{CC778B5F-7B9B-4466-9E9A-B8222C6FF16F}.Debug|Win32.ActiveCfg = Debug.dll|Win32
		{CC778B5F-7B9B-4466-9E9A-B8222C6FF16F}.Debug|Win32.Build.0 = Debug.dll|Win32
		{CC778B5F-7B9B-4466-9E9A-B8222C6FF16F}.Release.dll|Win32.ActiveCfg = Release.dll|Win32
		{CC778B5F-7B9B-4466-9E9A-B8222C6FF16F}.Release.dll|Win32.Build.0 = Release.dll|Win32
		{CC778B5F-7B9B-4466-9E9A-B8222C6FF16F}.Release|Win32.ActiveCfg = Release.dll|Win32
		{CC778B5F-7B9B-4466-9E9A-B8222C6FF16F}.Release|Win32.Build.0 = Release.dll|Win32
		{0BDEFC56-679F-436E-A089-81FCAEBA50F3}.Debug.dll|Win32.ActiveCfg = Debug.dll|Win32
		{0BDEFC56-679F-436E-A089-81FCAEBA50F3}.Debug.dll|Win32.Build.0 = Debug.dll|Win32
		{0BDEFC56-679F-436E-A089-81FCAEBA50F3}.Debug|Win32.ActiveCfg = Debug.dll|Win32
		{0BDEFC56-679F-436E-A089-81FCAEBA50F3}.Debug|Win32.Build.0 = Debug.dll|Win32
		{0BDEFC56-679F-436E-A089-81FCAEBA50F3}.Release.dll|Win32.ActiveCfg = Release.dll|Win32
		{0BDEFC56-679F-436E-A089-81FCAEBA50F3}.Release.dll|Win32.Build.0 = Release.dll|Win32
		{0BDEFC56-679F-436E-A089-81FCAEBA50F3}.Release|Win32.ActiveCfg = Release.dll|Win32
		{0BDEFC56-679F-436E-A089-81FCAEBA50F3}.Release|Win32.Build.0 = Release.dll|Win32
		{D67B17CC-4AE5-4356-91F6-00E265942A56}.Debug.dll|Win32.ActiveCfg = Debug.dll|Win32
		{D67B17CC-4AE5-4356-91F6-00E265942A56}.Debug.dll|Win32.Build.0 = Debug.dll|Win32
		{D67B17CC-4AE5-4356-91F6-00E265942A56}.Debug|Win32.ActiveCfg = Debug.dll|Win32
		{D67B17CC-4AE5-4356-91F6-00E265942A56}.Debug|Win32.Build.0 = Debug.dll|Win32
		{D67B17CC-4AE5-4356-91F6-00E265942A56}.Release.dll|Win32.ActiveCfg = Release.dll|Win32
		{D67B17CC-4AE5-4356-91F6-00E265942A56}.Release.dll|Win32.Build.0 = Release.dll|Win32
		{D67B17CC-4AE5-4356-91F6-00E265942A56}.Release|Win32.ActiveCfg = Release.dll|Win32
		{D67B17CC-4AE5-4356-91F6-00E265942A56}.Release|Win32.Build.0 = Release.dll|Win32
		{2C106C68-62EE-43D2-B372-3BDFF6125AD1}.Debug.dll|Win32.ActiveCfg = Debug.dll|Win32
		{2C106C68-62EE-43D2-B372-3BDFF6125AD1}.Debug.dll|Win32.Build.0 = Debug.dll|Win32
		{2C106C68-62EE-43D2-B372-3BDFF6125AD1}.Debug|Win32.ActiveCfg = Debug.dll|Win32
		{2C106C68-62EE-43D2-B372-3BDFF6125AD1}.Debug|Win32.Build.0 = Debug.dll|Win32
		{2C106C68-62EE-43D2-B372-3BDFF6125AD1}.Release.dll|Win32.ActiveCfg = Release.dll|Win32
		{2C106C68-62EE-43D2-B372-3BDFF6125AD1}.Release.dll|Win32.Build.0 = Release.dll|Win32
		{2C106C68-62EE-43D2-B372-3BDFF6125AD1}.Release|Win32.ActiveCfg = Release.dll|Win32
		{2C106C68-62EE-43D2-B372-3BDFF6125AD1}.Release|Win32.Build.0 = Release.dll|Win32
		{2EDB497A-E9CF-40E6-A8F2-B001D895A8AE}.Debug.dll|Win32.ActiveCfg = Debug.dll|Win32
		{2EDB497A-E9CF-40E6-A8F2-B001D895A8AE}.Debug.dll|Win32.Build.0 = Debug.dll|Win32
		{2EDB497A-E9CF-40E6-A8F2-B001D895A8AE}.Debug|Win32.ActiveCfg = Debug.dll|Win32
		{2EDB497A-E9CF-40E6-A8F2-B001D895A8AE}.Debug|Win32.Build.0 = Debug.dll|Win32
		{2EDB497A-E9CF-40E6-A8F2-B001D895A8AE}.Release.dll|Win32.ActiveCfg = Release.dll|Win32
		{2EDB497A-E9CF-40E6-A8F2-B001D895A8AE}.Release.dll|Win32.Build.0 = Release.dll|Win32
		{2EDB497A-E9CF-40E6-A8F2-B001D895A8AE}.Release|Win32.ActiveCfg = Release.dll|Win32
		{2EDB497A-E9CF-40E6-A8F2-B001D895A8AE}.Release|Win32.Build.0 = Release.dll|Win32
		{D5C6C872-4561-452D-BCFA-EF9441F95309}.Debug.dll|Win32.ActiveCfg = Debug.dll|Win32
		{D5C6C872-4561-452D-BCFA-EF9441F95309}.Debug.dll|Win32.Build.0 = Debug.dll|Win32
		{D5C6C872-4561-452D-BCFA-EF9441F95309}.Debug|Win32.ActiveCfg = Debug.dll|Win32
		{D5C6C872-4561-452D-BCFA-EF9441F95309}.Debug|Win32.Build.0 = Debug.dll|Win32
		{D5C6C872-4561-452D-BCFA-EF9441F95309}.Release.dll|Win32.ActiveCfg = Release.dll|Win32
		{D5C6C872-4561-452D-BCFA-EF9441F95309}.Release.dll|Win32.Build.0 = Release.dll|Win32
		{D5C6C872-4561-452D-BCFA-EF9441F95309}.Release|Win32.ActiveCfg = Release.dll|Win32
		{D5C6C872-4561-452D-BCFA-EF9441F95309}.Release|Win32.Build.0 = Release.dll|Win32
		{CE11FF6E-60D3-4E61-AFE2-F8F501100238}.Debug.dll|Win32.ActiveCfg = Debug.dll|Win32
		{CE11FF6E-60D3-4E61-AFE2-F8F501100238}.Debug.dll|Win32.Build.0 = Debug.dll|Win32
		{CE11FF6E-60D3-4E61-AFE2-F8F501100238}.Debug|Win32.ActiveCfg = Debug.dll|Win32
		{CE11FF6E-60D3-4E61-AFE2-F8F501100238}.Debug|Win32.Build.0 = Debug.dll|Win32
		{CE11FF6E-60D3-4E61-AFE2-F8F501100238}.Release.dll|Win32.ActiveCfg = Release.dll|Win32
		{CE11FF6E-60D3-4E61-AFE2-F8F501100238}.Release.dll|Win32.Build.0 = Release.dll|Win32
		{CE11FF6E-60D3-4E61-AFE2-F8F501100238}.Release|Win32.ActiveCfg = Release.dll|Win32
		{CE11FF6E-60D3-4E61-AFE2-F8F501100238}.Release|Win32.Build.0 = Release.dll|Win32
		{C2342D39-FD84-4448-A050-7FF3B4A33F3D}.Debug.dll|Win32.ActiveCfg = Debug.dll|Win32
		{C2342D39-FD84-4448-A050-7FF3B4A33F3D}.Debug.dll|Win32.Build.0 = Debug.dll|Win32
		{C2342D39-FD84-4448-A050-7FF3B4A33F3D}.Debug|Win32.ActiveCfg = Debug.dll|Win32
		{C2342D39-FD84-4448-A050-7FF3B4A33F3D}.Debug|Win32.Build.0 = Debug.dll|Win32
		{C2342D39-FD84-4448-A050-7FF3B4A33F3D}.Release.dll|Win32.ActiveCfg = Release.dll|Win32
		{C2342D39-FD84-4448-A050-7FF3B4A33F3D}.Release.dll|Win32.Build.0 = Release.dll|Win32
		{C2342D39-FD84-4448-A050-7FF3B4A33F3D}.Release|Win32.ActiveCfg = Release.dll|Win32
		{C2342D39-FD84-4448-A050-7FF3B4A33F3D}.Release|Win32.Build.0 = Release.dll|Win32
		{37E51687-D37B-4E91-8710-2E860D899C87}.Debug.dll|Win32.ActiveCfg = Debug.dll|Win32
		{37E51687-D37B-4E91-8710-2E860D899C87}.Debug.dll|Win32.Build.0 = Debug.dll|Win32
		{37E51687-D37B-4E91-8710-2E860D899C87}.Debug|Win32.ActiveCfg = Debug.dll|Win32
		{37E51687-D37B-4E91-8710-2E860D899C87}.Debug|Win32.Build.0 = Debug.dll|Win32
		{37E51687-D37B-4E91-8710-2E860D899C87}.Release.dll|Win32.ActiveCfg = Release.dll|Win32
		{37E51687-D37B-4E91-8710-2E860D899C87}.Release.dll|Win32.Build.0 = Release.dll|Win32
		{37E51687-D37B-4E91-8710-2E860D899C87}.Release|Win32.ActiveCfg = Release.dll|Win32
		{37E51687-D37B-4E91-8710-2E860D899C87}.Release|Win32.Build.0 = Release.dll|Win32
	EndGlobalSection
	GlobalSection(SolutionProperties) = preSolution
		HideSolutionNode = FALSE
	EndGlobalSection
	GlobalSection(NestedProjects) = preSolution
		{69DBB4D9-4563-4B25-A250-3492E56124FF} = {1466E0EB-BEA5-4481-8D78-340216FBE24C}
		{28EEE205-D69D-481F-87EF-3EECF77D030F} = {68F7C511-B9A0-4444-9847-E89B6A92F227}
		{EFE93017-B435-46EA-9199-1C83A869595A} = {28EEE205-D69D-481F-87EF-3EECF77D030F}
		{B0596A04-42BF-4E8E-AEE7-AE9C236592A9} = {28EEE205-D69D-481F-87EF-3EECF77D030F}
		{DF2FA86F-A663-4805-AED7-2F81D9EAC796} = {28EEE205-D69D-481F-87EF-3EECF77D030F}
		{C7C7FBB5-7082-428C-8F81-8FBA7A37AC85} = {28EEE205-D69D-481F-87EF-3EECF77D030F}
		{CC778B5F-7B9B-4466-9E9A-B8222C6FF16F} = {28EEE205-D69D-481F-87EF-3EECF77D030F}
		{0BDEFC56-679F-436E-A089-81FCAEBA50F3} = {28EEE205-D69D-481F-87EF-3EECF77D030F}
		{D67B17CC-4AE5-4356-91F6-00E265942A56} = {28EEE205-D69D-481F-87EF-3EECF77D030F}
		{2C106C68-62EE-43D2-B372-3BDFF6125AD1} = {28EEE205-D69D-481F-87EF-3EECF77D030F}
		{2EDB497A-E9CF-40E6-A8F2-B001D895A8AE} = {28EEE205-D69D-481F-87EF-3EECF77D030F}
		{D5C6C872-4561-452D-BCFA-EF9441F95309} = {28EEE205-D69D-481F-87EF-3EECF77D030F}
		{CE11FF6E-60D3-4E61-AFE2-F8F501100238} = {28EEE205-D69D-481F-87EF-3EECF77D030F}
		{C2342D39-FD84-4448-A050-7FF3B4A33F3D} = {28EEE205-D69D-481F-87EF-3EECF77D030F}
		{37E51687-D37B-4E91-8710-2E860D899C87} = {28EEE205-D69D-481F-87EF-3EECF77D030F}
	EndGlobalSection
EndGlobal
